
Microsoft Visual Studio Solution File, Format Version 12.00
# Visual Studio Version 16
VisualStudioVersion = 16.0.30128.74
MinimumVisualStudioVersion = 10.0.40219.1
Project("{FAE04EC0-301F-11D3-BF4B-00C04F79EFBC}") = "CsvToJson", "CsvToJson\CsvToJson.csproj", "{BE35E33F-86E9-4E06-92F1-85632505B79E}"
EndProject
Global
	GlobalSection(SolutionConfigurationPlatforms) = preSolution
		Debug|Any CPU = Debug|Any CPU
		Release|Any CPU = Release|Any CPU
	EndGlobalSection
	GlobalSection(ProjectConfigurationPlatforms) = postSolution
		{BE35E33F-86E9-4E06-92F1-85632505B79E}.Debug|Any CPU.ActiveCfg = Debug|Any CPU
		{BE35E33F-86E9-4E06-92F1-85632505B79E}.Debug|Any CPU.Build.0 = Debug|Any CPU
		{BE35E33F-86E9-4E06-92F1-85632505B79E}.Release|Any CPU.ActiveCfg = Release|Any CPU
		{BE35E33F-86E9-4E06-92F1-85632505B79E}.Release|Any CPU.Build.0 = Release|Any CPU
	EndGlobalSection
	GlobalSection(SolutionProperties) = preSolution
		HideSolutionNode = FALSE
	EndGlobalSection
	GlobalSection(ExtensibilityGlobals) = postSolution
		SolutionGuid = {AE9BD192-2813-4530-839C-219A209F3077}
	EndGlobalSection
EndGlobal
